
Microsoft Visual Studio Solution File, Format Version 12.00
# Visual Studio Version 17
VisualStudioVersion = 17.0.32112.339
MinimumVisualStudioVersion = 10.0.40219.1
Project("{9A19103F-16F7-4668-BE54-9A1E7A4F7556}") = "APIGateway", "APIGateway\APIGateway.csproj", "{06414FF6-A864-4883-875C-A09E3FCFAE89}"
EndProject
Project("{2150E333-8FDC-42A3-9474-1A3956D46DE8}") = "Services", "Services", "{240CC57E-6EFB-4171-90CE-CA94FF59325C}"
EndProject
Project("{2150E333-8FDC-42A3-9474-1A3956D46DE8}") = "Auth", "Auth", "{D6BF70EB-2BB7-456E-8453-1264FE2B95A0}"
EndProject
Project("{9A19103F-16F7-4668-BE54-9A1E7A4F7556}") = "Auth.DAL", "Services\Auth\Auth.DAL\Auth.DAL.csproj", "{9A7FF789-179F-4FD9-8428-B8C6C3D00835}"
EndProject
Project("{9A19103F-16F7-4668-BE54-9A1E7A4F7556}") = "Auth.Business", "Services\Auth\Auth.Business\Auth.Business.csproj", "{6D989721-06A7-4BF8-8377-4502C41F0384}"
EndProject
Project("{9A19103F-16F7-4668-BE54-9A1E7A4F7556}") = "Auth.WebAPI", "Services\Auth\Auth.WebAPI\Auth.WebAPI.csproj", "{8ADBB528-B644-4DF2-9664-35659EB1BAEC}"
EndProject
Project("{9A19103F-16F7-4668-BE54-9A1E7A4F7556}") = "Auth.Infrastructure", "Services\Auth\Auth.Infrastructure\Auth.Infrastructure.csproj", "{9B1E5C53-CEC4-4DBD-A619-B788CD014E8B}"
EndProject
Project("{2150E333-8FDC-42A3-9474-1A3956D46DE8}") = "Category", "Category", "{CC5B702D-C4C2-4B5F-A669-721AD40DB7B4}"
EndProject
Project("{9A19103F-16F7-4668-BE54-9A1E7A4F7556}") = "Category.DAL", "Services\Category\Category.DAL\Category.DAL.csproj", "{29C51A49-64B5-42EF-83FA-363BDC7448D2}"
EndProject
Project("{9A19103F-16F7-4668-BE54-9A1E7A4F7556}") = "Category.Business", "Services\Category\Category.Business\Category.Business.csproj", "{F64C66F6-8D2C-4EC6-9599-7A7C1E920A64}"
EndProject
Project("{9A19103F-16F7-4668-BE54-9A1E7A4F7556}") = "Category.WebAPI", "Services\Category\Category.WebAPI\Category.WebAPI.csproj", "{AD6BA279-265A-41D8-B818-CA5E754087DA}"
EndProject
Project("{2150E333-8FDC-42A3-9474-1A3956D46DE8}") = "Product", "Product", "{52AF6C92-0FB0-4C93-91BE-C10013D41337}"
EndProject
Project("{FAE04EC0-301F-11D3-BF4B-00C04F79EFBC}") = "Product.DAL", "Services\Product\Product.DAL\Product.DAL.csproj", "{3BC7D5AA-E5E5-4560-9E7B-6B1374B4A620}"
EndProject
Project("{FAE04EC0-301F-11D3-BF4B-00C04F79EFBC}") = "Product.Business", "Services\Product\Product.Business\Product.Business.csproj", "{C4A3CFFA-7166-4C89-9004-BEFCDB52DA2A}"
EndProject
Project("{FAE04EC0-301F-11D3-BF4B-00C04F79EFBC}") = "Product.Infrastructure", "Services\Product\Product.Infrastructure\Product.Infrastructure.csproj", "{DE680B37-4D52-4E7A-B09E-AC12A89234EE}"
EndProject
Project("{FAE04EC0-301F-11D3-BF4B-00C04F79EFBC}") = "Product.WebAPI", "Services\Product\Product.WebAPI\Product.WebAPI.csproj", "{BD79EB3F-2DC7-47DC-A5DF-333B598385C1}"
EndProject
Project("{FAE04EC0-301F-11D3-BF4B-00C04F79EFBC}") = "Category.Infrastructure", "Services\Category\Category.Infrastructure\Category.Infrastructure.csproj", "{E69DFBD2-727D-4F29-ADCE-1A0B646A37D0}"
EndProject
Global
	GlobalSection(SolutionConfigurationPlatforms) = preSolution
		Debug|Any CPU = Debug|Any CPU
		Release|Any CPU = Release|Any CPU
	EndGlobalSection
	GlobalSection(ProjectConfigurationPlatforms) = postSolution
		{06414FF6-A864-4883-875C-A09E3FCFAE89}.Debug|Any CPU.ActiveCfg = Debug|Any CPU
		{06414FF6-A864-4883-875C-A09E3FCFAE89}.Debug|Any CPU.Build.0 = Debug|Any CPU
		{06414FF6-A864-4883-875C-A09E3FCFAE89}.Release|Any CPU.ActiveCfg = Release|Any CPU
		{06414FF6-A864-4883-875C-A09E3FCFAE89}.Release|Any CPU.Build.0 = Release|Any CPU
		{9A7FF789-179F-4FD9-8428-B8C6C3D00835}.Debug|Any CPU.ActiveCfg = Debug|Any CPU
		{9A7FF789-179F-4FD9-8428-B8C6C3D00835}.Debug|Any CPU.Build.0 = Debug|Any CPU
		{9A7FF789-179F-4FD9-8428-B8C6C3D00835}.Release|Any CPU.ActiveCfg = Release|Any CPU
		{9A7FF789-179F-4FD9-8428-B8C6C3D00835}.Release|Any CPU.Build.0 = Release|Any CPU
		{6D989721-06A7-4BF8-8377-4502C41F0384}.Debug|Any CPU.ActiveCfg = Debug|Any CPU
		{6D989721-06A7-4BF8-8377-4502C41F0384}.Debug|Any CPU.Build.0 = Debug|Any CPU
		{6D989721-06A7-4BF8-8377-4502C41F0384}.Release|Any CPU.ActiveCfg = Release|Any CPU
		{6D989721-06A7-4BF8-8377-4502C41F0384}.Release|Any CPU.Build.0 = Release|Any CPU
		{8ADBB528-B644-4DF2-9664-35659EB1BAEC}.Debug|Any CPU.ActiveCfg = Debug|Any CPU
		{8ADBB528-B644-4DF2-9664-35659EB1BAEC}.Debug|Any CPU.Build.0 = Debug|Any CPU
		{8ADBB528-B644-4DF2-9664-35659EB1BAEC}.Release|Any CPU.ActiveCfg = Release|Any CPU
		{8ADBB528-B644-4DF2-9664-35659EB1BAEC}.Release|Any CPU.Build.0 = Release|Any CPU
		{9B1E5C53-CEC4-4DBD-A619-B788CD014E8B}.Debug|Any CPU.ActiveCfg = Debug|Any CPU
		{9B1E5C53-CEC4-4DBD-A619-B788CD014E8B}.Debug|Any CPU.Build.0 = Debug|Any CPU
		{9B1E5C53-CEC4-4DBD-A619-B788CD014E8B}.Release|Any CPU.ActiveCfg = Release|Any CPU
		{9B1E5C53-CEC4-4DBD-A619-B788CD014E8B}.Release|Any CPU.Build.0 = Release|Any CPU
		{29C51A49-64B5-42EF-83FA-363BDC7448D2}.Debug|Any CPU.ActiveCfg = Debug|Any CPU
		{29C51A49-64B5-42EF-83FA-363BDC7448D2}.Debug|Any CPU.Build.0 = Debug|Any CPU
		{29C51A49-64B5-42EF-83FA-363BDC7448D2}.Release|Any CPU.ActiveCfg = Release|Any CPU
		{29C51A49-64B5-42EF-83FA-363BDC7448D2}.Release|Any CPU.Build.0 = Release|Any CPU
		{F64C66F6-8D2C-4EC6-9599-7A7C1E920A64}.Debug|Any CPU.ActiveCfg = Debug|Any CPU
		{F64C66F6-8D2C-4EC6-9599-7A7C1E920A64}.Debug|Any CPU.Build.0 = Debug|Any CPU
		{F64C66F6-8D2C-4EC6-9599-7A7C1E920A64}.Release|Any CPU.ActiveCfg = Release|Any CPU
		{F64C66F6-8D2C-4EC6-9599-7A7C1E920A64}.Release|Any CPU.Build.0 = Release|Any CPU
		{AD6BA279-265A-41D8-B818-CA5E754087DA}.Debug|Any CPU.ActiveCfg = Debug|Any CPU
		{AD6BA279-265A-41D8-B818-CA5E754087DA}.Debug|Any CPU.Build.0 = Debug|Any CPU
		{AD6BA279-265A-41D8-B818-CA5E754087DA}.Release|Any CPU.ActiveCfg = Release|Any CPU
		{AD6BA279-265A-41D8-B818-CA5E754087DA}.Release|Any CPU.Build.0 = Release|Any CPU
		{3BC7D5AA-E5E5-4560-9E7B-6B1374B4A620}.Debug|Any CPU.ActiveCfg = Debug|Any CPU
		{3BC7D5AA-E5E5-4560-9E7B-6B1374B4A620}.Debug|Any CPU.Build.0 = Debug|Any CPU
		{3BC7D5AA-E5E5-4560-9E7B-6B1374B4A620}.Release|Any CPU.ActiveCfg = Release|Any CPU
		{3BC7D5AA-E5E5-4560-9E7B-6B1374B4A620}.Release|Any CPU.Build.0 = Release|Any CPU
		{C4A3CFFA-7166-4C89-9004-BEFCDB52DA2A}.Debug|Any CPU.ActiveCfg = Debug|Any CPU
		{C4A3CFFA-7166-4C89-9004-BEFCDB52DA2A}.Debug|Any CPU.Build.0 = Debug|Any CPU
		{C4A3CFFA-7166-4C89-9004-BEFCDB52DA2A}.Release|Any CPU.ActiveCfg = Release|Any CPU
		{C4A3CFFA-7166-4C89-9004-BEFCDB52DA2A}.Release|Any CPU.Build.0 = Release|Any CPU
		{DE680B37-4D52-4E7A-B09E-AC12A89234EE}.Debug|Any CPU.ActiveCfg = Debug|Any CPU
		{DE680B37-4D52-4E7A-B09E-AC12A89234EE}.Debug|Any CPU.Build.0 = Debug|Any CPU
		{DE680B37-4D52-4E7A-B09E-AC12A89234EE}.Release|Any CPU.ActiveCfg = Release|Any CPU
		{DE680B37-4D52-4E7A-B09E-AC12A89234EE}.Release|Any CPU.Build.0 = Release|Any CPU
		{BD79EB3F-2DC7-47DC-A5DF-333B598385C1}.Debug|Any CPU.ActiveCfg = Debug|Any CPU
		{BD79EB3F-2DC7-47DC-A5DF-333B598385C1}.Debug|Any CPU.Build.0 = Debug|Any CPU
		{BD79EB3F-2DC7-47DC-A5DF-333B598385C1}.Release|Any CPU.ActiveCfg = Release|Any CPU
		{BD79EB3F-2DC7-47DC-A5DF-333B598385C1}.Release|Any CPU.Build.0 = Release|Any CPU
		{E69DFBD2-727D-4F29-ADCE-1A0B646A37D0}.Debug|Any CPU.ActiveCfg = Debug|Any CPU
		{E69DFBD2-727D-4F29-ADCE-1A0B646A37D0}.Debug|Any CPU.Build.0 = Debug|Any CPU
		{E69DFBD2-727D-4F29-ADCE-1A0B646A37D0}.Release|Any CPU.ActiveCfg = Release|Any CPU
		{E69DFBD2-727D-4F29-ADCE-1A0B646A37D0}.Release|Any CPU.Build.0 = Release|Any CPU
	EndGlobalSection
	GlobalSection(SolutionProperties) = preSolution
		HideSolutionNode = FALSE
	EndGlobalSection
	GlobalSection(NestedProjects) = preSolution
		{D6BF70EB-2BB7-456E-8453-1264FE2B95A0} = {240CC57E-6EFB-4171-90CE-CA94FF59325C}
		{9A7FF789-179F-4FD9-8428-B8C6C3D00835} = {D6BF70EB-2BB7-456E-8453-1264FE2B95A0}
		{6D989721-06A7-4BF8-8377-4502C41F0384} = {D6BF70EB-2BB7-456E-8453-1264FE2B95A0}
		{8ADBB528-B644-4DF2-9664-35659EB1BAEC} = {D6BF70EB-2BB7-456E-8453-1264FE2B95A0}
		{9B1E5C53-CEC4-4DBD-A619-B788CD014E8B} = {D6BF70EB-2BB7-456E-8453-1264FE2B95A0}
		{CC5B702D-C4C2-4B5F-A669-721AD40DB7B4} = {240CC57E-6EFB-4171-90CE-CA94FF59325C}
		{29C51A49-64B5-42EF-83FA-363BDC7448D2} = {CC5B702D-C4C2-4B5F-A669-721AD40DB7B4}
		{F64C66F6-8D2C-4EC6-9599-7A7C1E920A64} = {CC5B702D-C4C2-4B5F-A669-721AD40DB7B4}
		{AD6BA279-265A-41D8-B818-CA5E754087DA} = {CC5B702D-C4C2-4B5F-A669-721AD40DB7B4}
		{52AF6C92-0FB0-4C93-91BE-C10013D41337} = {240CC57E-6EFB-4171-90CE-CA94FF59325C}
		{3BC7D5AA-E5E5-4560-9E7B-6B1374B4A620} = {52AF6C92-0FB0-4C93-91BE-C10013D41337}
		{C4A3CFFA-7166-4C89-9004-BEFCDB52DA2A} = {52AF6C92-0FB0-4C93-91BE-C10013D41337}
		{DE680B37-4D52-4E7A-B09E-AC12A89234EE} = {52AF6C92-0FB0-4C93-91BE-C10013D41337}
		{BD79EB3F-2DC7-47DC-A5DF-333B598385C1} = {52AF6C92-0FB0-4C93-91BE-C10013D41337}
		{E69DFBD2-727D-4F29-ADCE-1A0B646A37D0} = {CC5B702D-C4C2-4B5F-A669-721AD40DB7B4}
	EndGlobalSection
	GlobalSection(ExtensibilityGlobals) = postSolution
		SolutionGuid = {8DF09826-4D03-43B1-BC15-4B84653BC293}
	EndGlobalSection
EndGlobal
